
Microsoft Visual Studio Solution File, Format Version 12.00
# Visual Studio Version 16
VisualStudioVersion = 16.0.29926.136
MinimumVisualStudioVersion = 10.0.40219.1
Project("{FAE04EC0-301F-11D3-BF4B-00C04F79EFBC}") = "Entidades", "Entidades\Entidades.csproj", "{B061C3C9-22B5-4FD8-B0A5-1949FD05D784}"
EndProject
Project("{FAE04EC0-301F-11D3-BF4B-00C04F79EFBC}") = "MiCalculadora", "MiCalculadora\MiCalculadora.csproj", "{8DB47EE6-E54F-42A1-97F7-6628A9FF1974}"
EndProject
Global
	GlobalSection(SolutionConfigurationPlatforms) = preSolution
		Debug|Any CPU = Debug|Any CPU
		Release|Any CPU = Release|Any CPU
	EndGlobalSection
	GlobalSection(ProjectConfigurationPlatforms) = postSolution
		{B061C3C9-22B5-4FD8-B0A5-1949FD05D784}.Debug|Any CPU.ActiveCfg = Debug|Any CPU
		{B061C3C9-22B5-4FD8-B0A5-1949FD05D784}.Debug|Any CPU.Build.0 = Debug|Any CPU
		{B061C3C9-22B5-4FD8-B0A5-1949FD05D784}.Release|Any CPU.ActiveCfg = Release|Any CPU
		{B061C3C9-22B5-4FD8-B0A5-1949FD05D784}.Release|Any CPU.Build.0 = Release|Any CPU
		{8DB47EE6-E54F-42A1-97F7-6628A9FF1974}.Debug|Any CPU.ActiveCfg = Debug|Any CPU
		{8DB47EE6-E54F-42A1-97F7-6628A9FF1974}.Debug|Any CPU.Build.0 = Debug|Any CPU
		{8DB47EE6-E54F-42A1-97F7-6628A9FF1974}.Release|Any CPU.ActiveCfg = Release|Any CPU
		{8DB47EE6-E54F-42A1-97F7-6628A9FF1974}.Release|Any CPU.Build.0 = Release|Any CPU
	EndGlobalSection
	GlobalSection(SolutionProperties) = preSolution
		HideSolutionNode = FALSE
	EndGlobalSection
	GlobalSection(ExtensibilityGlobals) = postSolution
		SolutionGuid = {261B8B8B-AFEA-47EF-BA5A-5EA27ED07EFD}
	EndGlobalSection
EndGlobal
